
Microsoft Visual Studio Solution File, Format Version 12.00
# Visual Studio 15
VisualStudioVersion = 15.0.27004.2009
MinimumVisualStudioVersion = 10.0.40219.1
Project("{8BC9CEB8-8B4A-11D0-8D11-00A0C91BC942}") = "KGood", "SolveApp\SolveApp.vcxproj", "{FA6EA5E9-C718-4B4F-A24C-303E8E7B900D}"
EndProject
Project("{8BC9CEB8-8B4A-11D0-8D11-00A0C91BC942}") = "Grail", "Grail\Grail.vcxproj", "{0B469ADC-82A5-46E3-BAAA-5A64A6DFED5A}"
EndProject
Project("{8BC9CEB8-8B4A-11D0-8D11-00A0C91BC942}") = "Vortex", "Vortex\Vortex.vcxproj", "{F5A58604-88A5-4284-A345-BB2D7BC68831}"
EndProject
Project("{8BC9CEB8-8B4A-11D0-8D11-00A0C91BC942}") = "Temperatures", "Temperatures\Temperatures.vcxproj", "{B921C6EC-9194-4119-A8C4-715173C84EEE}"
EndProject
Project("{8BC9CEB8-8B4A-11D0-8D11-00A0C91BC942}") = "ASCII Art", "ASCII Art\ASCII Art.vcxproj", "{3C26712B-698E-49F7-89DF-D91FEFA1AB4D}"
EndProject
Project("{8BC9CEB8-8B4A-11D0-8D11-00A0C91BC942}") = "ChuckN", "ChuckN\ChuckN.vcxproj", "{7EA8A2F0-6CA9-4CF4-B5FA-08A8403A8A1B}"
EndProject
Project("{8BC9CEB8-8B4A-11D0-8D11-00A0C91BC942}") = "Thor", "Thor\Thor.vcxproj", "{8AC97C2C-1C8A-4EFA-A2F8-3318329B1FE1}"
EndProject
Project("{8BC9CEB8-8B4A-11D0-8D11-00A0C91BC942}") = "MIMEType", "MIMEType\MIMEType.vcxproj", "{7DEB3B04-C6DF-47CA-8EDA-0FE121233EA2}"
EndProject
Global
	GlobalSection(SolutionConfigurationPlatforms) = preSolution
		Debug|x64 = Debug|x64
		Debug|x86 = Debug|x86
		Release|x64 = Release|x64
		Release|x86 = Release|x86
	EndGlobalSection
	GlobalSection(ProjectConfigurationPlatforms) = postSolution
		{FA6EA5E9-C718-4B4F-A24C-303E8E7B900D}.Debug|x64.ActiveCfg = Debug|x64
		{FA6EA5E9-C718-4B4F-A24C-303E8E7B900D}.Debug|x64.Build.0 = Debug|x64
		{FA6EA5E9-C718-4B4F-A24C-303E8E7B900D}.Debug|x86.ActiveCfg = Debug|Win32
		{FA6EA5E9-C718-4B4F-A24C-303E8E7B900D}.Debug|x86.Build.0 = Debug|Win32
		{FA6EA5E9-C718-4B4F-A24C-303E8E7B900D}.Release|x64.ActiveCfg = Release|x64
		{FA6EA5E9-C718-4B4F-A24C-303E8E7B900D}.Release|x64.Build.0 = Release|x64
		{FA6EA5E9-C718-4B4F-A24C-303E8E7B900D}.Release|x86.ActiveCfg = Release|Win32
		{FA6EA5E9-C718-4B4F-A24C-303E8E7B900D}.Release|x86.Build.0 = Release|Win32
		{0B469ADC-82A5-46E3-BAAA-5A64A6DFED5A}.Debug|x64.ActiveCfg = Debug|x64
		{0B469ADC-82A5-46E3-BAAA-5A64A6DFED5A}.Debug|x64.Build.0 = Debug|x64
		{0B469ADC-82A5-46E3-BAAA-5A64A6DFED5A}.Debug|x86.ActiveCfg = Debug|Win32
		{0B469ADC-82A5-46E3-BAAA-5A64A6DFED5A}.Debug|x86.Build.0 = Debug|Win32
		{0B469ADC-82A5-46E3-BAAA-5A64A6DFED5A}.Release|x64.ActiveCfg = Release|x64
		{0B469ADC-82A5-46E3-BAAA-5A64A6DFED5A}.Release|x64.Build.0 = Release|x64
		{0B469ADC-82A5-46E3-BAAA-5A64A6DFED5A}.Release|x86.ActiveCfg = Release|Win32
		{0B469ADC-82A5-46E3-BAAA-5A64A6DFED5A}.Release|x86.Build.0 = Release|Win32
		{F5A58604-88A5-4284-A345-BB2D7BC68831}.Debug|x64.ActiveCfg = Debug|x64
		{F5A58604-88A5-4284-A345-BB2D7BC68831}.Debug|x64.Build.0 = Debug|x64
		{F5A58604-88A5-4284-A345-BB2D7BC68831}.Debug|x86.ActiveCfg = Debug|Win32
		{F5A58604-88A5-4284-A345-BB2D7BC68831}.Debug|x86.Build.0 = Debug|Win32
		{F5A58604-88A5-4284-A345-BB2D7BC68831}.Release|x64.ActiveCfg = Release|x64
		{F5A58604-88A5-4284-A345-BB2D7BC68831}.Release|x64.Build.0 = Release|x64
		{F5A58604-88A5-4284-A345-BB2D7BC68831}.Release|x86.ActiveCfg = Release|Win32
		{F5A58604-88A5-4284-A345-BB2D7BC68831}.Release|x86.Build.0 = Release|Win32
		{B921C6EC-9194-4119-A8C4-715173C84EEE}.Debug|x64.ActiveCfg = Debug|x64
		{B921C6EC-9194-4119-A8C4-715173C84EEE}.Debug|x64.Build.0 = Debug|x64
		{B921C6EC-9194-4119-A8C4-715173C84EEE}.Debug|x86.ActiveCfg = Debug|Win32
		{B921C6EC-9194-4119-A8C4-715173C84EEE}.Debug|x86.Build.0 = Debug|Win32
		{B921C6EC-9194-4119-A8C4-715173C84EEE}.Release|x64.ActiveCfg = Release|x64
		{B921C6EC-9194-4119-A8C4-715173C84EEE}.Release|x64.Build.0 = Release|x64
		{B921C6EC-9194-4119-A8C4-715173C84EEE}.Release|x86.ActiveCfg = Release|Win32
		{B921C6EC-9194-4119-A8C4-715173C84EEE}.Release|x86.Build.0 = Release|Win32
		{3C26712B-698E-49F7-89DF-D91FEFA1AB4D}.Debug|x64.ActiveCfg = Debug|x64
		{3C26712B-698E-49F7-89DF-D91FEFA1AB4D}.Debug|x64.Build.0 = Debug|x64
		{3C26712B-698E-49F7-89DF-D91FEFA1AB4D}.Debug|x86.ActiveCfg = Debug|Win32
		{3C26712B-698E-49F7-89DF-D91FEFA1AB4D}.Debug|x86.Build.0 = Debug|Win32
		{3C26712B-698E-49F7-89DF-D91FEFA1AB4D}.Release|x64.ActiveCfg = Release|x64
		{3C26712B-698E-49F7-89DF-D91FEFA1AB4D}.Release|x64.Build.0 = Release|x64
		{3C26712B-698E-49F7-89DF-D91FEFA1AB4D}.Release|x86.ActiveCfg = Release|Win32
		{3C26712B-698E-49F7-89DF-D91FEFA1AB4D}.Release|x86.Build.0 = Release|Win32
		{7EA8A2F0-6CA9-4CF4-B5FA-08A8403A8A1B}.Debug|x64.ActiveCfg = Debug|x64
		{7EA8A2F0-6CA9-4CF4-B5FA-08A8403A8A1B}.Debug|x64.Build.0 = Debug|x64
		{7EA8A2F0-6CA9-4CF4-B5FA-08A8403A8A1B}.Debug|x86.ActiveCfg = Debug|Win32
		{7EA8A2F0-6CA9-4CF4-B5FA-08A8403A8A1B}.Debug|x86.Build.0 = Debug|Win32
		{7EA8A2F0-6CA9-4CF4-B5FA-08A8403A8A1B}.Release|x64.ActiveCfg = Release|x64
		{7EA8A2F0-6CA9-4CF4-B5FA-08A8403A8A1B}.Release|x64.Build.0 = Release|x64
		{7EA8A2F0-6CA9-4CF4-B5FA-08A8403A8A1B}.Release|x86.ActiveCfg = Release|Win32
		{7EA8A2F0-6CA9-4CF4-B5FA-08A8403A8A1B}.Release|x86.Build.0 = Release|Win32
		{8AC97C2C-1C8A-4EFA-A2F8-3318329B1FE1}.Debug|x64.ActiveCfg = Debug|x64
		{8AC97C2C-1C8A-4EFA-A2F8-3318329B1FE1}.Debug|x64.Build.0 = Debug|x64
		{8AC97C2C-1C8A-4EFA-A2F8-3318329B1FE1}.Debug|x86.ActiveCfg = Debug|Win32
		{8AC97C2C-1C8A-4EFA-A2F8-3318329B1FE1}.Debug|x86.Build.0 = Debug|Win32
		{8AC97C2C-1C8A-4EFA-A2F8-3318329B1FE1}.Release|x64.ActiveCfg = Release|x64
		{8AC97C2C-1C8A-4EFA-A2F8-3318329B1FE1}.Release|x64.Build.0 = Release|x64
		{8AC97C2C-1C8A-4EFA-A2F8-3318329B1FE1}.Release|x86.ActiveCfg = Release|Win32
		{8AC97C2C-1C8A-4EFA-A2F8-3318329B1FE1}.Release|x86.Build.0 = Release|Win32
		{7DEB3B04-C6DF-47CA-8EDA-0FE121233EA2}.Debug|x64.ActiveCfg = Debug|x64
		{7DEB3B04-C6DF-47CA-8EDA-0FE121233EA2}.Debug|x64.Build.0 = Debug|x64
		{7DEB3B04-C6DF-47CA-8EDA-0FE121233EA2}.Debug|x86.ActiveCfg = Debug|Win32
		{7DEB3B04-C6DF-47CA-8EDA-0FE121233EA2}.Debug|x86.Build.0 = Debug|Win32
		{7DEB3B04-C6DF-47CA-8EDA-0FE121233EA2}.Release|x64.ActiveCfg = Release|x64
		{7DEB3B04-C6DF-47CA-8EDA-0FE121233EA2}.Release|x64.Build.0 = Release|x64
		{7DEB3B04-C6DF-47CA-8EDA-0FE121233EA2}.Release|x86.ActiveCfg = Release|Win32
		{7DEB3B04-C6DF-47CA-8EDA-0FE121233EA2}.Release|x86.Build.0 = Release|Win32
	EndGlobalSection
	GlobalSection(SolutionProperties) = preSolution
		HideSolutionNode = FALSE
	EndGlobalSection
	GlobalSection(ExtensibilityGlobals) = postSolution
		SolutionGuid = {71CE38FE-6F52-424A-AF32-E2D21CD9139C}
	EndGlobalSection
EndGlobal
